
Microsoft Visual Studio Solution File, Format Version 12.00
# Visual Studio 15
VisualStudioVersion = 15.0.27703.2042
MinimumVisualStudioVersion = 10.0.40219.1
Project("{FAE04EC0-301F-11D3-BF4B-00C04F79EFBC}") = "OnlineShop", "OnlineShop\OnlineShop.csproj", "{1926BFC1-AAEA-4118-A658-6EF3AA2A2F9F}"
EndProject
Project("{FAE04EC0-301F-11D3-BF4B-00C04F79EFBC}") = "OnlineShopConsoleApp", "OnlineShopConsoleApp\OnlineShopConsoleApp.csproj", "{52333C9A-4E1D-4893-B94B-52D282FBD28A}"
EndProject
Project("{FAE04EC0-301F-11D3-BF4B-00C04F79EFBC}") = "OnlineShopTest", "OnlineShopTest\OnlineShopTest.csproj", "{4BCA3BB8-336D-4A45-9A80-F0495786C906}"
EndProject
Global
	GlobalSection(SolutionConfigurationPlatforms) = preSolution
		Debug|Any CPU = Debug|Any CPU
		Release|Any CPU = Release|Any CPU
	EndGlobalSection
	GlobalSection(ProjectConfigurationPlatforms) = postSolution
		{1926BFC1-AAEA-4118-A658-6EF3AA2A2F9F}.Debug|Any CPU.ActiveCfg = Debug|Any CPU
		{1926BFC1-AAEA-4118-A658-6EF3AA2A2F9F}.Debug|Any CPU.Build.0 = Debug|Any CPU
		{1926BFC1-AAEA-4118-A658-6EF3AA2A2F9F}.Release|Any CPU.ActiveCfg = Release|Any CPU
		{1926BFC1-AAEA-4118-A658-6EF3AA2A2F9F}.Release|Any CPU.Build.0 = Release|Any CPU
		{52333C9A-4E1D-4893-B94B-52D282FBD28A}.Debug|Any CPU.ActiveCfg = Debug|Any CPU
		{52333C9A-4E1D-4893-B94B-52D282FBD28A}.Debug|Any CPU.Build.0 = Debug|Any CPU
		{52333C9A-4E1D-4893-B94B-52D282FBD28A}.Release|Any CPU.ActiveCfg = Release|Any CPU
		{52333C9A-4E1D-4893-B94B-52D282FBD28A}.Release|Any CPU.Build.0 = Release|Any CPU
		{4BCA3BB8-336D-4A45-9A80-F0495786C906}.Debug|Any CPU.ActiveCfg = Debug|Any CPU
		{4BCA3BB8-336D-4A45-9A80-F0495786C906}.Debug|Any CPU.Build.0 = Debug|Any CPU
		{4BCA3BB8-336D-4A45-9A80-F0495786C906}.Release|Any CPU.ActiveCfg = Release|Any CPU
		{4BCA3BB8-336D-4A45-9A80-F0495786C906}.Release|Any CPU.Build.0 = Release|Any CPU
	EndGlobalSection
	GlobalSection(SolutionProperties) = preSolution
		HideSolutionNode = FALSE
	EndGlobalSection
	GlobalSection(ExtensibilityGlobals) = postSolution
		SolutionGuid = {25351962-17F3-4ECF-B4EA-F339B0980475}
	EndGlobalSection
EndGlobal
